{"is_source_file": false, "format": "", "description": "", "external_files": [], "external_methods": [], "published": [], "classes": [], "methods": [], "calls": [], "search-terms": [], "state": 2, "file_id": 17, "knowledge_revision": 32, "git_revision": "7eebe2eafa19f691c7037d65234d81a053c3a4eb", "hash": "9c4ed7ef73e22b872b8055bec08b8979", "format-version": 4, "code-base-name": "default", "filename": "simpletask/post_process_status.lock", "revision_history": [{"32": "7eebe2eafa19f691c7037d65234d81a053c3a4eb"}]}